{
  "nodes": {
    "fenix": {
      "inputs": {
        "nixpkgs": [
          "nixpkgs"
        ],
        "rust-analyzer-src": "rust-analyzer-src"
      },
      "locked": {
        "lastModified": 1627266442,
        "narHash": "sha256-jmHGpI0XYdAXV31iNBnZwLebd1IZ4EoDlgv7beKQ24c=",
        "owner": "nix-community",
        "repo": "fenix",
        "rev": "b099d59df490f63fb53387739f93c26c08d3b48f",
        "type": "github"
      },
      "original": {
        "owner": "nix-community",
        "repo": "fenix",
        "type": "github"
      }
    },
    "flake-utils": {
      "locked": {
        "lastModified": 1623875721,
        "narHash": "sha256-A8BU7bjS5GirpAUv4QA+QnJ4CceLHkcXdRp4xITDB0s=",
        "owner": "numtide",
        "repo": "flake-utils",
        "rev": "f7e004a55b120c02ecb6219596820fcd32ca8772",
        "type": "github"
      },
      "original": {
        "owner": "numtide",
        "repo": "flake-utils",
        "type": "github"
      }
    },
    "nixpkgs": {
      "locked": {
        "lastModified": 1627286715,
        "narHash": "sha256-EXUe+1rsbvSDEjNDXr1yr3qbUbYil9yxQ55ehbrzmSA=",
        "owner": "NixOS",
        "repo": "nixpkgs",
        "rev": "0802970566becac6d5123b0b88d093121a0a4080",
        "type": "github"
      },
      "original": {
        "id": "nixpkgs",
        "type": "indirect"
      }
    },
    "root": {
      "inputs": {
        "fenix": "fenix",
        "flake-utils": "flake-utils",
        "nixpkgs": "nixpkgs"
      }
    },
    "rust-analyzer-src": {
      "flake": false,
      "locked": {
        "lastModified": 1627221155,
        "narHash": "sha256-NBUEhA4e9fAeXH+3BxnNJdTlGfhukzHIpqD7g2qK1RI=",
        "owner": "rust-analyzer",
        "repo": "rust-analyzer",
        "rev": "5983d3745ac8490c1c2798fdc963aa9fc803dd03",
        "type": "github"
      },
      "original": {
        "owner": "rust-analyzer",
        "ref": "nightly",
        "repo": "rust-analyzer",
        "type": "github"
      }
    }
  },
  "root": "root",
  "version": 7
}
