{
  "nodes": {
    "fenix": {
      "inputs": {
        "nixpkgs": [
          "nixpkgs"
        ],
        "rust-analyzer-src": "rust-analyzer-src"
      },
      "locked": {
        "lastModified": 1643264637,
        "narHash": "sha256-jR8Cke8Ukj0ZcpmHaz+TcpUzL5O1xtiEinzbvx4PMfU=",
        "owner": "nix-community",
        "repo": "fenix",
        "rev": "51cf29a5c001389a5781b4115315dd2012590551",
        "type": "github"
      },
      "original": {
        "owner": "nix-community",
        "repo": "fenix",
        "type": "github"
      }
    },
    "flake-utils": {
      "locked": {
        "lastModified": 1642700792,
        "narHash": "sha256-XqHrk7hFb+zBvRg6Ghl+AZDq03ov6OshJLiSWOoX5es=",
        "owner": "numtide",
        "repo": "flake-utils",
        "rev": "846b2ae0fc4cc943637d3d1def4454213e203cba",
        "type": "github"
      },
      "original": {
        "owner": "numtide",
        "repo": "flake-utils",
        "type": "github"
      }
    },
    "nixpkgs": {
      "locked": {
        "lastModified": 1643357463,
        "narHash": "sha256-GVPxBsxu9pk5q7Sb9VBSOkm+0GbGdovrRv7qMfu837M=",
        "owner": "NixOS",
        "repo": "nixpkgs",
        "rev": "32aa3d7829772cfeab644c4d6c320d743a02a56b",
        "type": "github"
      },
      "original": {
        "owner": "NixOS",
        "ref": "release-21.11",
        "repo": "nixpkgs",
        "type": "github"
      }
    },
    "root": {
      "inputs": {
        "fenix": "fenix",
        "flake-utils": "flake-utils",
        "nixpkgs": "nixpkgs"
      }
    },
    "rust-analyzer-src": {
      "flake": false,
      "locked": {
        "lastModified": 1643220707,
        "narHash": "sha256-XMBer+U/1WqPu25aJs/LkMxrnJnEKiezsAtfSpkkPik=",
        "owner": "rust-analyzer",
        "repo": "rust-analyzer",
        "rev": "e149a15edd354dd0f995532d16a3e8dc21367e06",
        "type": "github"
      },
      "original": {
        "owner": "rust-analyzer",
        "ref": "nightly",
        "repo": "rust-analyzer",
        "type": "github"
      }
    }
  },
  "root": "root",
  "version": 7
}
