{
  "nodes": {
    "fenix": {
      "inputs": {
        "naersk": "naersk",
        "nixpkgs": [
          "nixpkgs"
        ],
        "rust-analyzer-src": "rust-analyzer-src"
      },
      "locked": {
        "lastModified": 1623122201,
        "narHash": "sha256-6MEkwx5roRBBNuuvqK3ssVXYh7x6sO75xp9iUyMLaJo=",
        "owner": "nix-community",
        "repo": "fenix",
        "rev": "eec53d88f4f60c29368f5dbc5dac99b461aaeef7",
        "type": "github"
      },
      "original": {
        "owner": "nix-community",
        "repo": "fenix",
        "type": "github"
      }
    },
    "flake-utils": {
      "locked": {
        "lastModified": 1622445595,
        "narHash": "sha256-m+JRe6Wc5OZ/mKw2bB3+Tl0ZbtyxxxfnAWln8Q5qs+Y=",
        "owner": "numtide",
        "repo": "flake-utils",
        "rev": "7d706970d94bc5559077eb1a6600afddcd25a7c8",
        "type": "github"
      },
      "original": {
        "owner": "numtide",
        "repo": "flake-utils",
        "type": "github"
      }
    },
    "naersk": {
      "inputs": {
        "nixpkgs": [
          "nixpkgs"
        ]
      },
      "locked": {
        "lastModified": 1622810282,
        "narHash": "sha256-4wmvM3/xfD0hCdNDIXVzRMfL4yB1J+DjH6Zte2xbAxk=",
        "owner": "nmattia",
        "repo": "naersk",
        "rev": "e8061169e1495871b56be97c5c51d310fae01374",
        "type": "github"
      },
      "original": {
        "owner": "nmattia",
        "repo": "naersk",
        "type": "github"
      }
    },
    "nixpkgs": {
      "locked": {
        "lastModified": 1622904313,
        "narHash": "sha256-UspQBmKoJkXqoHetArLJU9eUBF1xNMR1r9p7fjVrQSY=",
        "path": "/nix/store/njm4ng9rlm7r472xdiwk63kgxl9i4kd2-source",
        "rev": "633667aac8c7d13b7b6d0f7c42cd2cf76f1e596a",
        "type": "path"
      },
      "original": {
        "id": "nixpkgs",
        "type": "indirect"
      }
    },
    "root": {
      "inputs": {
        "fenix": "fenix",
        "flake-utils": "flake-utils",
        "nixpkgs": "nixpkgs"
      }
    },
    "rust-analyzer-src": {
      "flake": false,
      "locked": {
        "lastModified": 1623091578,
        "narHash": "sha256-qVVOE8RN7jqRoOjxCBbT9+c4RhR48keP4yWaRrl4leo=",
        "owner": "rust-analyzer",
        "repo": "rust-analyzer",
        "rev": "590472607c9629fdd37e3f6f33dacfdc2a3f56cc",
        "type": "github"
      },
      "original": {
        "owner": "rust-analyzer",
        "ref": "nightly",
        "repo": "rust-analyzer",
        "type": "github"
      }
    }
  },
  "root": "root",
  "version": 7
}
